
Microsoft Visual Studio Solution File, Format Version 12.00
# Visual Studio Version 17
VisualStudioVersion = 17.3.32929.385
MinimumVisualStudioVersion = 10.0.40219.1
Project("{8BC9CEB8-8B4A-11D0-8D11-00A0C91BC942}") = "Lab02", "Lab02\Lab02.vcxproj", "{8B3B6DFA-5E80-4C7B-9101-0E538B2F674A}"
EndProject
Global
	GlobalSection(SolutionConfigurationPlatforms) = preSolution
		Debug|x64 = Debug|x64
		Debug|x86 = Debug|x86
		Release|x64 = Release|x64
		Release|x86 = Release|x86
	EndGlobalSection
	GlobalSection(ProjectConfigurationPlatforms) = postSolution
		{8B3B6DFA-5E80-4C7B-9101-0E538B2F674A}.Debug|x64.ActiveCfg = Debug|x64
		{8B3B6DFA-5E80-4C7B-9101-0E538B2F674A}.Debug|x64.Build.0 = Debug|x64
		{8B3B6DFA-5E80-4C7B-9101-0E538B2F674A}.Debug|x86.ActiveCfg = Debug|Win32
		{8B3B6DFA-5E80-4C7B-9101-0E538B2F674A}.Debug|x86.Build.0 = Debug|Win32
		{8B3B6DFA-5E80-4C7B-9101-0E538B2F674A}.Release|x64.ActiveCfg = Release|x64
		{8B3B6DFA-5E80-4C7B-9101-0E538B2F674A}.Release|x64.Build.0 = Release|x64
		{8B3B6DFA-5E80-4C7B-9101-0E538B2F674A}.Release|x86.ActiveCfg = Release|Win32
		{8B3B6DFA-5E80-4C7B-9101-0E538B2F674A}.Release|x86.Build.0 = Release|Win32
	EndGlobalSection
	GlobalSection(SolutionProperties) = preSolution
		HideSolutionNode = FALSE
	EndGlobalSection
	GlobalSection(ExtensibilityGlobals) = postSolution
		SolutionGuid = {FD703CB2-17CD-4B6D-AE15-2F09AAB3C755}
	EndGlobalSection
EndGlobal
